
Microsoft Visual Studio Solution File, Format Version 12.00
# Visual Studio Version 17
VisualStudioVersion = 17.8.34511.84
MinimumVisualStudioVersion = 10.0.40219.1
Project("{9A19103F-16F7-4668-BE54-9A1E7A4F7556}") = "OHO.Database", "OHO.Database\OHO.Database.csproj", "{0067D634-4CF8-4E90-991A-42667B5219F2}"
EndProject
Project("{9A19103F-16F7-4668-BE54-9A1E7A4F7556}") = "OHO.Database.Repositaries", "OHO.Database.Repositaries\OHO.Database.Repositaries.csproj", "{99DDD025-4D95-4F5A-A615-1E46DD0B2306}"
EndProject
Project("{9A19103F-16F7-4668-BE54-9A1E7A4F7556}") = "OHO.API.Infra", "OHO.API.Infra\OHO.API.Infra.csproj", "{3CBAABC0-90F3-44E2-BBDA-0E6382CE607F}"
EndProject
Project("{9A19103F-16F7-4668-BE54-9A1E7A4F7556}") = "OHOAPI.Commons", "OHOAPI.Commons\OHOAPI.Commons.csproj", "{5720EF9B-C780-49DF-A81E-F0809D509757}"
EndProject
Project("{9A19103F-16F7-4668-BE54-9A1E7A4F7556}") = "OHO.APILambda", "OHO.APILambda\OHO.APILambda.csproj", "{4EA5686A-765D-488D-AF9F-79E39C4B07EB}"
EndProject
Project("{9A19103F-16F7-4668-BE54-9A1E7A4F7556}") = "OHO.AWSLambdaSQS.AccountCreation", "OHO.AWSLambdaSQS.AccountCreation\OHO.AWSLambdaSQS.AccountCreation.csproj", "{902BD1BD-3096-4A2F-B155-AF6E42E66C8F}"
EndProject
Project("{9A19103F-16F7-4668-BE54-9A1E7A4F7556}") = "OHO.Domains", "OHO.Domains\OHO.Domains.csproj", "{E664D33C-FEC0-48F1-8D77-76BEC11D724C}"
EndProject
Project("{9A19103F-16F7-4668-BE54-9A1E7A4F7556}") = "OHO.Lambda.DB.Repositaries", "OHO.Lambda.DB.Repositaries\OHO.Lambda.DB.Repositaries.csproj", "{B3A36C08-17AE-4B47-B475-670FE33EBBCC}"
EndProject
Project("{9A19103F-16F7-4668-BE54-9A1E7A4F7556}") = "ArrayToExcel", "ArrayToExcel\ArrayToExcel.csproj", "{37930DFD-10BC-4AB6-9783-292E7248639D}"
EndProject
Project("{9A19103F-16F7-4668-BE54-9A1E7A4F7556}") = "OHO.UserManagement", "OHO.UserManagement\OHO.UserManagement.csproj", "{B35D4348-A4C4-4A07-8D7D-775CCDD11BF6}"
EndProject
Project("{9A19103F-16F7-4668-BE54-9A1E7A4F7556}") = "OHO.SQS.OrderCompletion", "OHO.SQS.OrderCompletion\OHO.SQS.OrderCompletion.csproj", "{59097E89-A299-415F-9437-1BF962E3071A}"
EndProject
Project("{9A19103F-16F7-4668-BE54-9A1E7A4F7556}") = "OHO.SQS.OHOCardGeneration", "OHO.SQS.OHOCardGeneration\OHO.SQS.OHOCardGeneration.csproj", "{7222BB83-8E5F-44FC-A6C9-1EBBE92C5D68}"
EndProject
Project("{9A19103F-16F7-4668-BE54-9A1E7A4F7556}") = "OHO.SQS.FamilyMembers", "OHO.SQS.FamilyMembers\OHO.SQS.FamilyMembers.csproj", "{137C969C-82A6-4B56-8D31-CAF084FB8CC7}"
EndProject
Project("{9A19103F-16F7-4668-BE54-9A1E7A4F7556}") = "OHO.SQS.UpdateMemerIdInDependents", "OHO.SQS.UpdateMemerIdInDependents\OHO.SQS.UpdateMemerIdInDependents.csproj", "{FA104E74-FC49-487E-8532-A9194E3D29C8}"
EndProject
Project("{9A19103F-16F7-4668-BE54-9A1E7A4F7556}") = "OHO.SQS.OnboardingSMS", "OHO.SQS.OnboardingSMSAndMails\OHO.SQS.OnboardingSMS.csproj", "{8396CEF9-6A88-40D9-B833-4373D139E9AA}"
EndProject
Project("{9A19103F-16F7-4668-BE54-9A1E7A4F7556}") = "OHO.SQS.OnboardingMails", "OHO.SQS.OnboardingMails\OHO.SQS.OnboardingMails.csproj", "{73636265-76ED-4C71-A691-5F43B1399181}"
EndProject
Project("{9A19103F-16F7-4668-BE54-9A1E7A4F7556}") = "OHO.SQS.AuditTable", "OHO.SQS.AuditTable\src\OHO.SQS.AuditTable\OHO.SQS.AuditTable.csproj", "{494DD780-B0FC-4C93-A62B-592FCF76C2F4}"
EndProject
Project("{9A19103F-16F7-4668-BE54-9A1E7A4F7556}") = "OHO.SQS.HHLIndividual", "OHO.SQS.HHLIndividual\OHO.SQS.HHLIndividual.csproj", "{4CC8C157-2582-4ED7-B3A8-F8ABCE855C0E}"
EndProject
Project("{9A19103F-16F7-4668-BE54-9A1E7A4F7556}") = "OHO.SQS.HHL", "OHO.SQS.HHL\src\OHO.SQS.HHL\OHO.SQS.HHL.csproj", "{C1FDC11C-3DEC-4BDD-A2A6-A594FF017C0A}"
EndProject
Project("{9A19103F-16F7-4668-BE54-9A1E7A4F7556}") = "OHO.SQS.InsurerDetailss", "OHO.SQS.InsurerDetails\OHO.SQS.InsurerDetailss.csproj", "{728EFF47-428B-47A2-8B01-76DED3951C95}"
EndProject
Project("{9A19103F-16F7-4668-BE54-9A1E7A4F7556}") = "OHO.Lambda.KMP", "OHO.Lambda.KMP\OHO.Lambda.KMP.csproj", "{19BC8288-4C1C-4BAA-9DBD-497C4127445D}"
EndProject
Project("{9A19103F-16F7-4668-BE54-9A1E7A4F7556}") = "OHO.SQS.ReportsData", "OHO.SQS.Reports\OHO.SQS.ReportsData.csproj", "{9FE303A9-D885-4B34-B94E-AB8EF0AC13B4}"
EndProject
Project("{FAE04EC0-301F-11D3-BF4B-00C04F79EFBC}") = "OHO.Lambda.API", "OHO.Lambda.API\OHO.Lambda.API.csproj", "{63CC6D9E-6AF0-4241-A7E7-1F52065B28BF}"
EndProject
Project("{FAE04EC0-301F-11D3-BF4B-00C04F79EFBC}") = "OHO.SQS.NewReports", "OHO.SQS.NewReports\OHO.SQS.NewReports.csproj", "{01F9D8AB-DF5C-28E8-E99A-91E5697646C5}"
EndProject
Global
	GlobalSection(SolutionConfigurationPlatforms) = preSolution
		Debug|Any CPU = Debug|Any CPU
		Release|Any CPU = Release|Any CPU
	EndGlobalSection
	GlobalSection(ProjectConfigurationPlatforms) = postSolution
		{0067D634-4CF8-4E90-991A-42667B5219F2}.Debug|Any CPU.ActiveCfg = Debug|Any CPU
		{0067D634-4CF8-4E90-991A-42667B5219F2}.Debug|Any CPU.Build.0 = Debug|Any CPU
		{0067D634-4CF8-4E90-991A-42667B5219F2}.Release|Any CPU.ActiveCfg = Release|Any CPU
		{0067D634-4CF8-4E90-991A-42667B5219F2}.Release|Any CPU.Build.0 = Release|Any CPU
		{99DDD025-4D95-4F5A-A615-1E46DD0B2306}.Debug|Any CPU.ActiveCfg = Debug|Any CPU
		{99DDD025-4D95-4F5A-A615-1E46DD0B2306}.Debug|Any CPU.Build.0 = Debug|Any CPU
		{99DDD025-4D95-4F5A-A615-1E46DD0B2306}.Release|Any CPU.ActiveCfg = Release|Any CPU
		{99DDD025-4D95-4F5A-A615-1E46DD0B2306}.Release|Any CPU.Build.0 = Release|Any CPU
		{3CBAABC0-90F3-44E2-BBDA-0E6382CE607F}.Debug|Any CPU.ActiveCfg = Debug|Any CPU
		{3CBAABC0-90F3-44E2-BBDA-0E6382CE607F}.Debug|Any CPU.Build.0 = Debug|Any CPU
		{3CBAABC0-90F3-44E2-BBDA-0E6382CE607F}.Release|Any CPU.ActiveCfg = Release|Any CPU
		{3CBAABC0-90F3-44E2-BBDA-0E6382CE607F}.Release|Any CPU.Build.0 = Release|Any CPU
		{5720EF9B-C780-49DF-A81E-F0809D509757}.Debug|Any CPU.ActiveCfg = Debug|Any CPU
		{5720EF9B-C780-49DF-A81E-F0809D509757}.Debug|Any CPU.Build.0 = Debug|Any CPU
		{5720EF9B-C780-49DF-A81E-F0809D509757}.Release|Any CPU.ActiveCfg = Release|Any CPU
		{5720EF9B-C780-49DF-A81E-F0809D509757}.Release|Any CPU.Build.0 = Release|Any CPU
		{4EA5686A-765D-488D-AF9F-79E39C4B07EB}.Debug|Any CPU.ActiveCfg = Debug|Any CPU
		{4EA5686A-765D-488D-AF9F-79E39C4B07EB}.Debug|Any CPU.Build.0 = Debug|Any CPU
		{4EA5686A-765D-488D-AF9F-79E39C4B07EB}.Release|Any CPU.ActiveCfg = Release|Any CPU
		{4EA5686A-765D-488D-AF9F-79E39C4B07EB}.Release|Any CPU.Build.0 = Release|Any CPU
		{902BD1BD-3096-4A2F-B155-AF6E42E66C8F}.Debug|Any CPU.ActiveCfg = Debug|Any CPU
		{902BD1BD-3096-4A2F-B155-AF6E42E66C8F}.Debug|Any CPU.Build.0 = Debug|Any CPU
		{902BD1BD-3096-4A2F-B155-AF6E42E66C8F}.Release|Any CPU.ActiveCfg = Release|Any CPU
		{902BD1BD-3096-4A2F-B155-AF6E42E66C8F}.Release|Any CPU.Build.0 = Release|Any CPU
		{E664D33C-FEC0-48F1-8D77-76BEC11D724C}.Debug|Any CPU.ActiveCfg = Debug|Any CPU
		{E664D33C-FEC0-48F1-8D77-76BEC11D724C}.Debug|Any CPU.Build.0 = Debug|Any CPU
		{E664D33C-FEC0-48F1-8D77-76BEC11D724C}.Release|Any CPU.ActiveCfg = Release|Any CPU
		{E664D33C-FEC0-48F1-8D77-76BEC11D724C}.Release|Any CPU.Build.0 = Release|Any CPU
		{B3A36C08-17AE-4B47-B475-670FE33EBBCC}.Debug|Any CPU.ActiveCfg = Debug|Any CPU
		{B3A36C08-17AE-4B47-B475-670FE33EBBCC}.Debug|Any CPU.Build.0 = Debug|Any CPU
		{B3A36C08-17AE-4B47-B475-670FE33EBBCC}.Release|Any CPU.ActiveCfg = Release|Any CPU
		{B3A36C08-17AE-4B47-B475-670FE33EBBCC}.Release|Any CPU.Build.0 = Release|Any CPU
		{37930DFD-10BC-4AB6-9783-292E7248639D}.Debug|Any CPU.ActiveCfg = Debug|Any CPU
		{37930DFD-10BC-4AB6-9783-292E7248639D}.Debug|Any CPU.Build.0 = Debug|Any CPU
		{37930DFD-10BC-4AB6-9783-292E7248639D}.Release|Any CPU.ActiveCfg = Release|Any CPU
		{37930DFD-10BC-4AB6-9783-292E7248639D}.Release|Any CPU.Build.0 = Release|Any CPU
		{B35D4348-A4C4-4A07-8D7D-775CCDD11BF6}.Debug|Any CPU.ActiveCfg = Debug|Any CPU
		{B35D4348-A4C4-4A07-8D7D-775CCDD11BF6}.Debug|Any CPU.Build.0 = Debug|Any CPU
		{B35D4348-A4C4-4A07-8D7D-775CCDD11BF6}.Release|Any CPU.ActiveCfg = Release|Any CPU
		{B35D4348-A4C4-4A07-8D7D-775CCDD11BF6}.Release|Any CPU.Build.0 = Release|Any CPU
		{59097E89-A299-415F-9437-1BF962E3071A}.Debug|Any CPU.ActiveCfg = Debug|Any CPU
		{59097E89-A299-415F-9437-1BF962E3071A}.Debug|Any CPU.Build.0 = Debug|Any CPU
		{59097E89-A299-415F-9437-1BF962E3071A}.Release|Any CPU.ActiveCfg = Release|Any CPU
		{59097E89-A299-415F-9437-1BF962E3071A}.Release|Any CPU.Build.0 = Release|Any CPU
		{7222BB83-8E5F-44FC-A6C9-1EBBE92C5D68}.Debug|Any CPU.ActiveCfg = Debug|Any CPU
		{7222BB83-8E5F-44FC-A6C9-1EBBE92C5D68}.Debug|Any CPU.Build.0 = Debug|Any CPU
		{7222BB83-8E5F-44FC-A6C9-1EBBE92C5D68}.Release|Any CPU.ActiveCfg = Release|Any CPU
		{7222BB83-8E5F-44FC-A6C9-1EBBE92C5D68}.Release|Any CPU.Build.0 = Release|Any CPU
		{137C969C-82A6-4B56-8D31-CAF084FB8CC7}.Debug|Any CPU.ActiveCfg = Debug|Any CPU
		{137C969C-82A6-4B56-8D31-CAF084FB8CC7}.Debug|Any CPU.Build.0 = Debug|Any CPU
		{137C969C-82A6-4B56-8D31-CAF084FB8CC7}.Release|Any CPU.ActiveCfg = Release|Any CPU
		{137C969C-82A6-4B56-8D31-CAF084FB8CC7}.Release|Any CPU.Build.0 = Release|Any CPU
		{FA104E74-FC49-487E-8532-A9194E3D29C8}.Debug|Any CPU.ActiveCfg = Debug|Any CPU
		{FA104E74-FC49-487E-8532-A9194E3D29C8}.Debug|Any CPU.Build.0 = Debug|Any CPU
		{FA104E74-FC49-487E-8532-A9194E3D29C8}.Release|Any CPU.ActiveCfg = Release|Any CPU
		{FA104E74-FC49-487E-8532-A9194E3D29C8}.Release|Any CPU.Build.0 = Release|Any CPU
		{8396CEF9-6A88-40D9-B833-4373D139E9AA}.Debug|Any CPU.ActiveCfg = Debug|Any CPU
		{8396CEF9-6A88-40D9-B833-4373D139E9AA}.Debug|Any CPU.Build.0 = Debug|Any CPU
		{8396CEF9-6A88-40D9-B833-4373D139E9AA}.Release|Any CPU.ActiveCfg = Release|Any CPU
		{8396CEF9-6A88-40D9-B833-4373D139E9AA}.Release|Any CPU.Build.0 = Release|Any CPU
		{73636265-76ED-4C71-A691-5F43B1399181}.Debug|Any CPU.ActiveCfg = Debug|Any CPU
		{73636265-76ED-4C71-A691-5F43B1399181}.Debug|Any CPU.Build.0 = Debug|Any CPU
		{73636265-76ED-4C71-A691-5F43B1399181}.Release|Any CPU.ActiveCfg = Release|Any CPU
		{73636265-76ED-4C71-A691-5F43B1399181}.Release|Any CPU.Build.0 = Release|Any CPU
		{494DD780-B0FC-4C93-A62B-592FCF76C2F4}.Debug|Any CPU.ActiveCfg = Debug|Any CPU
		{494DD780-B0FC-4C93-A62B-592FCF76C2F4}.Debug|Any CPU.Build.0 = Debug|Any CPU
		{494DD780-B0FC-4C93-A62B-592FCF76C2F4}.Release|Any CPU.ActiveCfg = Release|Any CPU
		{494DD780-B0FC-4C93-A62B-592FCF76C2F4}.Release|Any CPU.Build.0 = Release|Any CPU
		{4CC8C157-2582-4ED7-B3A8-F8ABCE855C0E}.Debug|Any CPU.ActiveCfg = Debug|Any CPU
		{4CC8C157-2582-4ED7-B3A8-F8ABCE855C0E}.Debug|Any CPU.Build.0 = Debug|Any CPU
		{4CC8C157-2582-4ED7-B3A8-F8ABCE855C0E}.Release|Any CPU.ActiveCfg = Release|Any CPU
		{4CC8C157-2582-4ED7-B3A8-F8ABCE855C0E}.Release|Any CPU.Build.0 = Release|Any CPU
		{C1FDC11C-3DEC-4BDD-A2A6-A594FF017C0A}.Debug|Any CPU.ActiveCfg = Debug|Any CPU
		{C1FDC11C-3DEC-4BDD-A2A6-A594FF017C0A}.Debug|Any CPU.Build.0 = Debug|Any CPU
		{C1FDC11C-3DEC-4BDD-A2A6-A594FF017C0A}.Release|Any CPU.ActiveCfg = Release|Any CPU
		{C1FDC11C-3DEC-4BDD-A2A6-A594FF017C0A}.Release|Any CPU.Build.0 = Release|Any CPU
		{728EFF47-428B-47A2-8B01-76DED3951C95}.Debug|Any CPU.ActiveCfg = Debug|Any CPU
		{728EFF47-428B-47A2-8B01-76DED3951C95}.Debug|Any CPU.Build.0 = Debug|Any CPU
		{728EFF47-428B-47A2-8B01-76DED3951C95}.Release|Any CPU.ActiveCfg = Release|Any CPU
		{728EFF47-428B-47A2-8B01-76DED3951C95}.Release|Any CPU.Build.0 = Release|Any CPU
		{19BC8288-4C1C-4BAA-9DBD-497C4127445D}.Debug|Any CPU.ActiveCfg = Debug|Any CPU
		{19BC8288-4C1C-4BAA-9DBD-497C4127445D}.Debug|Any CPU.Build.0 = Debug|Any CPU
		{19BC8288-4C1C-4BAA-9DBD-497C4127445D}.Release|Any CPU.ActiveCfg = Release|Any CPU
		{19BC8288-4C1C-4BAA-9DBD-497C4127445D}.Release|Any CPU.Build.0 = Release|Any CPU
		{9FE303A9-D885-4B34-B94E-AB8EF0AC13B4}.Debug|Any CPU.ActiveCfg = Debug|Any CPU
		{9FE303A9-D885-4B34-B94E-AB8EF0AC13B4}.Debug|Any CPU.Build.0 = Debug|Any CPU
		{9FE303A9-D885-4B34-B94E-AB8EF0AC13B4}.Release|Any CPU.ActiveCfg = Release|Any CPU
		{9FE303A9-D885-4B34-B94E-AB8EF0AC13B4}.Release|Any CPU.Build.0 = Release|Any CPU
		{63CC6D9E-6AF0-4241-A7E7-1F52065B28BF}.Debug|Any CPU.ActiveCfg = Debug|Any CPU
		{63CC6D9E-6AF0-4241-A7E7-1F52065B28BF}.Debug|Any CPU.Build.0 = Debug|Any CPU
		{63CC6D9E-6AF0-4241-A7E7-1F52065B28BF}.Release|Any CPU.ActiveCfg = Release|Any CPU
		{63CC6D9E-6AF0-4241-A7E7-1F52065B28BF}.Release|Any CPU.Build.0 = Release|Any CPU
		{01F9D8AB-DF5C-28E8-E99A-91E5697646C5}.Debug|Any CPU.ActiveCfg = Debug|Any CPU
		{01F9D8AB-DF5C-28E8-E99A-91E5697646C5}.Debug|Any CPU.Build.0 = Debug|Any CPU
		{01F9D8AB-DF5C-28E8-E99A-91E5697646C5}.Release|Any CPU.ActiveCfg = Release|Any CPU
		{01F9D8AB-DF5C-28E8-E99A-91E5697646C5}.Release|Any CPU.Build.0 = Release|Any CPU
	EndGlobalSection
	GlobalSection(SolutionProperties) = preSolution
		HideSolutionNode = FALSE
	EndGlobalSection
	GlobalSection(ExtensibilityGlobals) = postSolution
		SolutionGuid = {96F8FF3B-BBF7-4BA5-98D6-E3AC60895F65}
	EndGlobalSection
EndGlobal
